
Microsoft Visual Studio Solution File, Format Version 12.00
# Blend for Visual Studio Version 16
VisualStudioVersion = 16.0.31911.196
MinimumVisualStudioVersion = 10.0.40219.1
Project("{FAE04EC0-301F-11D3-BF4B-00C04F79EFBC}") = "WpfEx11.2", "WpfEx11.2\WpfEx11.2.csproj", "{789839FF-B81F-4EAF-AA5B-B8664B0E261D}"
EndProject
Global
	GlobalSection(SolutionConfigurationPlatforms) = preSolution
		Debug|Any CPU = Debug|Any CPU
		Release|Any CPU = Release|Any CPU
	EndGlobalSection
	GlobalSection(ProjectConfigurationPlatforms) = postSolution
		{789839FF-B81F-4EAF-AA5B-B8664B0E261D}.Debug|Any CPU.ActiveCfg = Debug|Any CPU
		{789839FF-B81F-4EAF-AA5B-B8664B0E261D}.Debug|Any CPU.Build.0 = Debug|Any CPU
		{789839FF-B81F-4EAF-AA5B-B8664B0E261D}.Release|Any CPU.ActiveCfg = Release|Any CPU
		{789839FF-B81F-4EAF-AA5B-B8664B0E261D}.Release|Any CPU.Build.0 = Release|Any CPU
	EndGlobalSection
	GlobalSection(SolutionProperties) = preSolution
		HideSolutionNode = FALSE
	EndGlobalSection
	GlobalSection(ExtensibilityGlobals) = postSolution
		SolutionGuid = {3104C427-0412-4C07-AE3A-717D72C0213C}
	EndGlobalSection
EndGlobal
